
Microsoft Visual Studio Solution File, Format Version 12.00
# Visual Studio 14
VisualStudioVersion = 14.0.25123.0
MinimumVisualStudioVersion = 10.0.40219.1
Project("{FAE04EC0-301F-11D3-BF4B-00C04F79EFBC}") = "FormatToStringDoubleVar", "FormatToStringDoubleVar\FormatToStringDoubleVar.csproj", "{0AF9EB1F-FD81-4588-927D-B6EC771BC34C}"
EndProject
Project("{FAE04EC0-301F-11D3-BF4B-00C04F79EFBC}") = "BoolVar", "BoolVar\BoolVar.csproj", "{C99F0275-C484-4D1D-AA19-091F72ADB19D}"
EndProject
Project("{FAE04EC0-301F-11D3-BF4B-00C04F79EFBC}") = "TryParse", "TryParse\TryParse.csproj", "{F85D5CD6-B502-43FB-818E-0B871D3911BA}"
EndProject
Global
	GlobalSection(SolutionConfigurationPlatforms) = preSolution
		Debug|Any CPU = Debug|Any CPU
		Release|Any CPU = Release|Any CPU
	EndGlobalSection
	GlobalSection(ProjectConfigurationPlatforms) = postSolution
		{0AF9EB1F-FD81-4588-927D-B6EC771BC34C}.Debug|Any CPU.ActiveCfg = Debug|Any CPU
		{0AF9EB1F-FD81-4588-927D-B6EC771BC34C}.Debug|Any CPU.Build.0 = Debug|Any CPU
		{0AF9EB1F-FD81-4588-927D-B6EC771BC34C}.Release|Any CPU.ActiveCfg = Release|Any CPU
		{0AF9EB1F-FD81-4588-927D-B6EC771BC34C}.Release|Any CPU.Build.0 = Release|Any CPU
		{C99F0275-C484-4D1D-AA19-091F72ADB19D}.Debug|Any CPU.ActiveCfg = Debug|Any CPU
		{C99F0275-C484-4D1D-AA19-091F72ADB19D}.Debug|Any CPU.Build.0 = Debug|Any CPU
		{C99F0275-C484-4D1D-AA19-091F72ADB19D}.Release|Any CPU.ActiveCfg = Release|Any CPU
		{C99F0275-C484-4D1D-AA19-091F72ADB19D}.Release|Any CPU.Build.0 = Release|Any CPU
		{F85D5CD6-B502-43FB-818E-0B871D3911BA}.Debug|Any CPU.ActiveCfg = Debug|Any CPU
		{F85D5CD6-B502-43FB-818E-0B871D3911BA}.Debug|Any CPU.Build.0 = Debug|Any CPU
		{F85D5CD6-B502-43FB-818E-0B871D3911BA}.Release|Any CPU.ActiveCfg = Release|Any CPU
		{F85D5CD6-B502-43FB-818E-0B871D3911BA}.Release|Any CPU.Build.0 = Release|Any CPU
	EndGlobalSection
	GlobalSection(SolutionProperties) = preSolution
		HideSolutionNode = FALSE
	EndGlobalSection
EndGlobal
