
Microsoft Visual Studio Solution File, Format Version 12.00
# Visual Studio 14
VisualStudioVersion = 14.0.25123.0
MinimumVisualStudioVersion = 10.0.40219.1
Project("{FAE04EC0-301F-11D3-BF4B-00C04F79EFBC}") = "Modul04ForLoops", "Modul04ForLoops\Modul04ForLoops.csproj", "{03C9DA50-7E1C-4414-ACFB-D5EE2378CD6F}"
EndProject
Project("{FAE04EC0-301F-11D3-BF4B-00C04F79EFBC}") = "WlileDoWhileLoops", "WlileDoWhileLoops\WlileDoWhileLoops.csproj", "{77F2BE6B-D8DD-4892-83C8-693CD033214A}"
EndProject
Project("{FAE04EC0-301F-11D3-BF4B-00C04F79EFBC}") = "ListExplore", "ListExplore\ListExplore.csproj", "{4BD07CB2-46FE-43D6-AFAC-ECDD341B0ED8}"
EndProject
Global
	GlobalSection(SolutionConfigurationPlatforms) = preSolution
		Debug|Any CPU = Debug|Any CPU
		Release|Any CPU = Release|Any CPU
	EndGlobalSection
	GlobalSection(ProjectConfigurationPlatforms) = postSolution
		{03C9DA50-7E1C-4414-ACFB-D5EE2378CD6F}.Debug|Any CPU.ActiveCfg = Debug|Any CPU
		{03C9DA50-7E1C-4414-ACFB-D5EE2378CD6F}.Debug|Any CPU.Build.0 = Debug|Any CPU
		{03C9DA50-7E1C-4414-ACFB-D5EE2378CD6F}.Release|Any CPU.ActiveCfg = Release|Any CPU
		{03C9DA50-7E1C-4414-ACFB-D5EE2378CD6F}.Release|Any CPU.Build.0 = Release|Any CPU
		{77F2BE6B-D8DD-4892-83C8-693CD033214A}.Debug|Any CPU.ActiveCfg = Debug|Any CPU
		{77F2BE6B-D8DD-4892-83C8-693CD033214A}.Debug|Any CPU.Build.0 = Debug|Any CPU
		{77F2BE6B-D8DD-4892-83C8-693CD033214A}.Release|Any CPU.ActiveCfg = Release|Any CPU
		{77F2BE6B-D8DD-4892-83C8-693CD033214A}.Release|Any CPU.Build.0 = Release|Any CPU
		{4BD07CB2-46FE-43D6-AFAC-ECDD341B0ED8}.Debug|Any CPU.ActiveCfg = Debug|Any CPU
		{4BD07CB2-46FE-43D6-AFAC-ECDD341B0ED8}.Debug|Any CPU.Build.0 = Debug|Any CPU
		{4BD07CB2-46FE-43D6-AFAC-ECDD341B0ED8}.Release|Any CPU.ActiveCfg = Release|Any CPU
		{4BD07CB2-46FE-43D6-AFAC-ECDD341B0ED8}.Release|Any CPU.Build.0 = Release|Any CPU
	EndGlobalSection
	GlobalSection(SolutionProperties) = preSolution
		HideSolutionNode = FALSE
	EndGlobalSection
EndGlobal
